// !$*UTF8*$!
{
	archiveVersion = 1;
	classes = {
	};
	objectVersion = 50;
	objects = {

/* Begin PBXBuildFile section */
		F1004A7C27FC3497004B8D69 /* environ.m in Sources */ = {isa = PBXBuildFile; fileRef = F1004A7B27FC3497004B8D69 /* environ.m */; };
		F102AEA2295AC137007D4FCA /* option_6sp.cpp in Sources */ = {isa = PBXBuildFile; fileRef = F102AE9E295AC137007D4FCA /* option_6sp.cpp */; };
		F102AEA3295AC137007D4FCA /* info_6sp.cpp in Sources */ = {isa = PBXBuildFile; fileRef = F102AE9F295AC137007D4FCA /* info_6sp.cpp */; };
		F102AEA4295AC137007D4FCA /* info_6.cpp in Sources */ = {isa = PBXBuildFile; fileRef = F102AEA0295AC137007D4FCA /* info_6.cpp */; };
		F102AEA5295AC137007D4FCA /* option_6.cpp in Sources */ = {isa = PBXBuildFile; fileRef = F102AEA1295AC137007D4FCA /* option_6.cpp */; };
		F102AEA7295AC157007D4FCA /* gtx6sp.h in Headers */ = {isa = PBXBuildFile; fileRef = F102AEA6295AC157007D4FCA /* gtx6sp.h */; };
		F1279F4827FC0C29006D4165 /* zutil.h in Headers */ = {isa = PBXBuildFile; fileRef = F1279F1D27FC0C29006D4165 /* zutil.h */; };
		F1279F4927FC0C29006D4165 /* inftrees.h in Headers */ = {isa = PBXBuildFile; fileRef = F1279F1E27FC0C29006D4165 /* inftrees.h */; };
		F1279F4A27FC0C29006D4165 /* inflate.c in Sources */ = {isa = PBXBuildFile; fileRef = F1279F1F27FC0C29006D4165 /* inflate.c */; };
		F1279F4B27FC0C29006D4165 /* compress.c in Sources */ = {isa = PBXBuildFile; fileRef = F1279F2027FC0C29006D4165 /* compress.c */; };
		F1279F4C27FC0C29006D4165 /* deflate.c in Sources */ = {isa = PBXBuildFile; fileRef = F1279F2127FC0C29006D4165 /* deflate.c */; };
		F1279F4D27FC0C29006D4165 /* inffixed.h in Headers */ = {isa = PBXBuildFile; fileRef = F1279F2227FC0C29006D4165 /* inffixed.h */; };
		F1279F4E27FC0C29006D4165 /* trees.h in Headers */ = {isa = PBXBuildFile; fileRef = F1279F2327FC0C29006D4165 /* trees.h */; };
		F1279F4F27FC0C29006D4165 /* inffast.h in Headers */ = {isa = PBXBuildFile; fileRef = F1279F2427FC0C29006D4165 /* inffast.h */; };
		F1279F5027FC0C29006D4165 /* crc32.c in Sources */ = {isa = PBXBuildFile; fileRef = F1279F2527FC0C29006D4165 /* crc32.c */; };
		F1279F5127FC0C29006D4165 /* zutil.c in Sources */ = {isa = PBXBuildFile; fileRef = F1279F2627FC0C29006D4165 /* zutil.c */; };
		F1279F5227FC0C29006D4165 /* deflate.h in Headers */ = {isa = PBXBuildFile; fileRef = F1279F2727FC0C29006D4165 /* deflate.h */; };
		F1279F5327FC0C29006D4165 /* zlib.h in Headers */ = {isa = PBXBuildFile; fileRef = F1279F2827FC0C29006D4165 /* zlib.h */; };
		F1279F5427FC0C29006D4165 /* inflate.h in Headers */ = {isa = PBXBuildFile; fileRef = F1279F2927FC0C29006D4165 /* inflate.h */; };
		F1279F5527FC0C29006D4165 /* inftrees.c in Sources */ = {isa = PBXBuildFile; fileRef = F1279F2A27FC0C29006D4165 /* inftrees.c */; };
		F1279F5627FC0C29006D4165 /* trees.c in Sources */ = {isa = PBXBuildFile; fileRef = F1279F2B27FC0C29006D4165 /* trees.c */; };
		F1279F5727FC0C29006D4165 /* crc32.h in Headers */ = {isa = PBXBuildFile; fileRef = F1279F2C27FC0C29006D4165 /* crc32.h */; };
		F1279F5827FC0C29006D4165 /* gzio.c in Sources */ = {isa = PBXBuildFile; fileRef = F1279F2D27FC0C29006D4165 /* gzio.c */; };
		F1279F5927FC0C29006D4165 /* inffast.c in Sources */ = {isa = PBXBuildFile; fileRef = F1279F2E27FC0C29006D4165 /* inffast.c */; };
		F1279F5A27FC0C29006D4165 /* adler32.c in Sources */ = {isa = PBXBuildFile; fileRef = F1279F2F27FC0C29006D4165 /* adler32.c */; };
		F1279F5B27FC0C29006D4165 /* zconf.h in Headers */ = {isa = PBXBuildFile; fileRef = F1279F3027FC0C29006D4165 /* zconf.h */; };
		F1279F5C27FC0C29006D4165 /* pnginfo.h in Headers */ = {isa = PBXBuildFile; fileRef = F1279F3227FC0C29006D4165 /* pnginfo.h */; };
		F1279F5D27FC0C29006D4165 /* pngrio.c in Sources */ = {isa = PBXBuildFile; fileRef = F1279F3327FC0C29006D4165 /* pngrio.c */; };
		F1279F5E27FC0C29006D4165 /* pngerror.c in Sources */ = {isa = PBXBuildFile; fileRef = F1279F3427FC0C29006D4165 /* pngerror.c */; };
		F1279F5F27FC0C29006D4165 /* pngwio.c in Sources */ = {isa = PBXBuildFile; fileRef = F1279F3527FC0C29006D4165 /* pngwio.c */; };
		F1279F6027FC0C29006D4165 /* pngstruct.h in Headers */ = {isa = PBXBuildFile; fileRef = F1279F3627FC0C29006D4165 /* pngstruct.h */; };
		F1279F6127FC0C29006D4165 /* pngtrans.c in Sources */ = {isa = PBXBuildFile; fileRef = F1279F3727FC0C29006D4165 /* pngtrans.c */; };
		F1279F6227FC0C29006D4165 /* pngpriv.h in Headers */ = {isa = PBXBuildFile; fileRef = F1279F3827FC0C29006D4165 /* pngpriv.h */; };
		F1279F6327FC0C29006D4165 /* pngwrite.c in Sources */ = {isa = PBXBuildFile; fileRef = F1279F3927FC0C29006D4165 /* pngwrite.c */; };
		F1279F6427FC0C29006D4165 /* png.h in Headers */ = {isa = PBXBuildFile; fileRef = F1279F3A27FC0C29006D4165 /* png.h */; };
		F1279F6527FC0C29006D4165 /* pngwutil.c in Sources */ = {isa = PBXBuildFile; fileRef = F1279F3B27FC0C29006D4165 /* pngwutil.c */; };
		F1279F6627FC0C29006D4165 /* pngwtran.c in Sources */ = {isa = PBXBuildFile; fileRef = F1279F3C27FC0C29006D4165 /* pngwtran.c */; };
		F1279F6727FC0C29006D4165 /* pnglibconf.h in Headers */ = {isa = PBXBuildFile; fileRef = F1279F3D27FC0C29006D4165 /* pnglibconf.h */; };
		F1279F6827FC0C29006D4165 /* pngconf.h in Headers */ = {isa = PBXBuildFile; fileRef = F1279F3E27FC0C29006D4165 /* pngconf.h */; };
		F1279F6927FC0C29006D4165 /* pngpread.c in Sources */ = {isa = PBXBuildFile; fileRef = F1279F3F27FC0C29006D4165 /* pngpread.c */; };
		F1279F6A27FC0C29006D4165 /* pngdebug.h in Headers */ = {isa = PBXBuildFile; fileRef = F1279F4027FC0C29006D4165 /* pngdebug.h */; };
		F1279F6B27FC0C29006D4165 /* pngread.c in Sources */ = {isa = PBXBuildFile; fileRef = F1279F4127FC0C29006D4165 /* pngread.c */; };
		F1279F6C27FC0C29006D4165 /* pngmem.c in Sources */ = {isa = PBXBuildFile; fileRef = F1279F4227FC0C29006D4165 /* pngmem.c */; };
		F1279F6D27FC0C29006D4165 /* pngget.c in Sources */ = {isa = PBXBuildFile; fileRef = F1279F4327FC0C29006D4165 /* pngget.c */; };
		F1279F6E27FC0C29006D4165 /* png.c in Sources */ = {isa = PBXBuildFile; fileRef = F1279F4427FC0C29006D4165 /* png.c */; };
		F1279F6F27FC0C29006D4165 /* pngrtran.c in Sources */ = {isa = PBXBuildFile; fileRef = F1279F4527FC0C29006D4165 /* pngrtran.c */; };
		F1279F7027FC0C29006D4165 /* pngrutil.c in Sources */ = {isa = PBXBuildFile; fileRef = F1279F4627FC0C29006D4165 /* pngrutil.c */; };
		F1279F7127FC0C29006D4165 /* pngset.c in Sources */ = {isa = PBXBuildFile; fileRef = F1279F4727FC0C29006D4165 /* pngset.c */; };
		F1321C9227FC041200BD13B9 /* os.h in Headers */ = {isa = PBXBuildFile; fileRef = F1321C8B27FC041200BD13B9 /* os.h */; };
		F19B4C1B28322C6E00FCD3A7 /* driver.m in Sources */ = {isa = PBXBuildFile; fileRef = F19B4C1A28322C6E00FCD3A7 /* driver.m */; };
		F1A6FE2E283609E9008D4346 /* gtx.h in Headers */ = {isa = PBXBuildFile; fileRef = F1A6FE29283609E9008D4346 /* gtx.h */; };
		F1A6FE2F283609E9008D4346 /* gtx6.h in Headers */ = {isa = PBXBuildFile; fileRef = F1A6FE2A283609E9008D4346 /* gtx6.h */; };
		F1A6FE30283609E9008D4346 /* modpal.h in Headers */ = {isa = PBXBuildFile; fileRef = F1A6FE2B283609E9008D4346 /* modpal.h */; };
		F1A6FE31283609E9008D4346 /* ospal.h in Headers */ = {isa = PBXBuildFile; fileRef = F1A6FE2C283609E9008D4346 /* ospal.h */; };
		F1A6FE36283609FB008D4346 /* sendmain.cpp in Sources */ = {isa = PBXBuildFile; fileRef = F1A6FE35283609FB008D4346 /* sendmain.cpp */; };
		F1A6FE3928360A06008D4346 /* sendsub.mm in Sources */ = {isa = PBXBuildFile; fileRef = F1A6FE3828360A06008D4346 /* sendsub.mm */; };
		F1C4ABCB282A06F000E0B0F2 /* ipp_private.h in Headers */ = {isa = PBXBuildFile; fileRef = F1C4ABC9282A06F000E0B0F2 /* ipp_private.h */; };
		F1C4ABCC282A06F000E0B0F2 /* printer.m in Sources */ = {isa = PBXBuildFile; fileRef = F1C4ABCA282A06F000E0B0F2 /* printer.m */; };
		F1E6CBFB29C2DED300C9574E /* environdylib.c in Sources */ = {isa = PBXBuildFile; fileRef = F1E6CBFA29C2DED300C9574E /* environdylib.c */; };
/* End PBXBuildFile section */

/* Begin PBXFileReference section */
		F10022B627FC03260048F87C /* libgtlib.a */ = {isa = PBXFileReference; explicitFileType = archive.ar; includeInIndex = 0; path = libgtlib.a; sourceTree = BUILT_PRODUCTS_DIR; };
		F1004A7B27FC3497004B8D69 /* environ.m */ = {isa = PBXFileReference; fileEncoding = 4; lastKnownFileType = sourcecode.c.objc; path = environ.m; sourceTree = "<group>"; };
		F102AE9E295AC137007D4FCA /* option_6sp.cpp */ = {isa = PBXFileReference; fileEncoding = 4; lastKnownFileType = sourcecode.cpp.cpp; path = option_6sp.cpp; sourceTree = "<group>"; };
		F102AE9F295AC137007D4FCA /* info_6sp.cpp */ = {isa = PBXFileReference; fileEncoding = 4; lastKnownFileType = sourcecode.cpp.cpp; path = info_6sp.cpp; sourceTree = "<group>"; };
		F102AEA0295AC137007D4FCA /* info_6.cpp */ = {isa = PBXFileReference; fileEncoding = 4; lastKnownFileType = sourcecode.cpp.cpp; path = info_6.cpp; sourceTree = "<group>"; };
		F102AEA1295AC137007D4FCA /* option_6.cpp */ = {isa = PBXFileReference; fileEncoding = 4; lastKnownFileType = sourcecode.cpp.cpp; path = option_6.cpp; sourceTree = "<group>"; };
		F102AEA6295AC157007D4FCA /* gtx6sp.h */ = {isa = PBXFileReference; fileEncoding = 4; lastKnownFileType = sourcecode.c.h; path = gtx6sp.h; sourceTree = "<group>"; };
		F1279F1D27FC0C29006D4165 /* zutil.h */ = {isa = PBXFileReference; fileEncoding = 4; lastKnownFileType = sourcecode.c.h; path = zutil.h; sourceTree = "<group>"; };
		F1279F1E27FC0C29006D4165 /* inftrees.h */ = {isa = PBXFileReference; fileEncoding = 4; lastKnownFileType = sourcecode.c.h; path = inftrees.h; sourceTree = "<group>"; };
		F1279F1F27FC0C29006D4165 /* inflate.c */ = {isa = PBXFileReference; fileEncoding = 4; lastKnownFileType = sourcecode.c.c; path = inflate.c; sourceTree = "<group>"; };
		F1279F2027FC0C29006D4165 /* compress.c */ = {isa = PBXFileReference; fileEncoding = 4; lastKnownFileType = sourcecode.c.c; path = compress.c; sourceTree = "<group>"; };
		F1279F2127FC0C29006D4165 /* deflate.c */ = {isa = PBXFileReference; fileEncoding = 4; lastKnownFileType = sourcecode.c.c; path = deflate.c; sourceTree = "<group>"; };
		F1279F2227FC0C29006D4165 /* inffixed.h */ = {isa = PBXFileReference; fileEncoding = 4; lastKnownFileType = sourcecode.c.h; path = inffixed.h; sourceTree = "<group>"; };
		F1279F2327FC0C29006D4165 /* trees.h */ = {isa = PBXFileReference; fileEncoding = 4; lastKnownFileType = sourcecode.c.h; path = trees.h; sourceTree = "<group>"; };
		F1279F2427FC0C29006D4165 /* inffast.h */ = {isa = PBXFileReference; fileEncoding = 4; lastKnownFileType = sourcecode.c.h; path = inffast.h; sourceTree = "<group>"; };
		F1279F2527FC0C29006D4165 /* crc32.c */ = {isa = PBXFileReference; fileEncoding = 4; lastKnownFileType = sourcecode.c.c; path = crc32.c; sourceTree = "<group>"; };
		F1279F2627FC0C29006D4165 /* zutil.c */ = {isa = PBXFileReference; fileEncoding = 4; lastKnownFileType = sourcecode.c.c; path = zutil.c; sourceTree = "<group>"; };
		F1279F2727FC0C29006D4165 /* deflate.h */ = {isa = PBXFileReference; fileEncoding = 4; lastKnownFileType = sourcecode.c.h; path = deflate.h; sourceTree = "<group>"; };
		F1279F2827FC0C29006D4165 /* zlib.h */ = {isa = PBXFileReference; fileEncoding = 4; lastKnownFileType = sourcecode.c.h; path = zlib.h; sourceTree = "<group>"; };
		F1279F2927FC0C29006D4165 /* inflate.h */ = {isa = PBXFileReference; fileEncoding = 4; lastKnownFileType = sourcecode.c.h; path = inflate.h; sourceTree = "<group>"; };
		F1279F2A27FC0C29006D4165 /* inftrees.c */ = {isa = PBXFileReference; fileEncoding = 4; lastKnownFileType = sourcecode.c.c; path = inftrees.c; sourceTree = "<group>"; };
		F1279F2B27FC0C29006D4165 /* trees.c */ = {isa = PBXFileReference; fileEncoding = 4; lastKnownFileType = sourcecode.c.c; path = trees.c; sourceTree = "<group>"; };
		F1279F2C27FC0C29006D4165 /* crc32.h */ = {isa = PBXFileReference; fileEncoding = 4; lastKnownFileType = sourcecode.c.h; path = crc32.h; sourceTree = "<group>"; };
		F1279F2D27FC0C29006D4165 /* gzio.c */ = {isa = PBXFileReference; fileEncoding = 4; lastKnownFileType = sourcecode.c.c; path = gzio.c; sourceTree = "<group>"; };
		F1279F2E27FC0C29006D4165 /* inffast.c */ = {isa = PBXFileReference; fileEncoding = 4; lastKnownFileType = sourcecode.c.c; path = inffast.c; sourceTree = "<group>"; };
		F1279F2F27FC0C29006D4165 /* adler32.c */ = {isa = PBXFileReference; fileEncoding = 4; lastKnownFileType = sourcecode.c.c; path = adler32.c; sourceTree = "<group>"; };
		F1279F3027FC0C29006D4165 /* zconf.h */ = {isa = PBXFileReference; fileEncoding = 4; lastKnownFileType = sourcecode.c.h; path = zconf.h; sourceTree = "<group>"; };
		F1279F3227FC0C29006D4165 /* pnginfo.h */ = {isa = PBXFileReference; fileEncoding = 4; lastKnownFileType = sourcecode.c.h; path = pnginfo.h; sourceTree = "<group>"; };
		F1279F3327FC0C29006D4165 /* pngrio.c */ = {isa = PBXFileReference; fileEncoding = 4; lastKnownFileType = sourcecode.c.c; path = pngrio.c; sourceTree = "<group>"; };
		F1279F3427FC0C29006D4165 /* pngerror.c */ = {isa = PBXFileReference; fileEncoding = 4; lastKnownFileType = sourcecode.c.c; path = pngerror.c; sourceTree = "<group>"; };
		F1279F3527FC0C29006D4165 /* pngwio.c */ = {isa = PBXFileReference; fileEncoding = 4; lastKnownFileType = sourcecode.c.c; path = pngwio.c; sourceTree = "<group>"; };
		F1279F3627FC0C29006D4165 /* pngstruct.h */ = {isa = PBXFileReference; fileEncoding = 4; lastKnownFileType = sourcecode.c.h; path = pngstruct.h; sourceTree = "<group>"; };
		F1279F3727FC0C29006D4165 /* pngtrans.c */ = {isa = PBXFileReference; fileEncoding = 4; lastKnownFileType = sourcecode.c.c; path = pngtrans.c; sourceTree = "<group>"; };
		F1279F3827FC0C29006D4165 /* pngpriv.h */ = {isa = PBXFileReference; fileEncoding = 4; lastKnownFileType = sourcecode.c.h; path = pngpriv.h; sourceTree = "<group>"; };
		F1279F3927FC0C29006D4165 /* pngwrite.c */ = {isa = PBXFileReference; fileEncoding = 4; lastKnownFileType = sourcecode.c.c; path = pngwrite.c; sourceTree = "<group>"; };
		F1279F3A27FC0C29006D4165 /* png.h */ = {isa = PBXFileReference; fileEncoding = 4; lastKnownFileType = sourcecode.c.h; path = png.h; sourceTree = "<group>"; };
		F1279F3B27FC0C29006D4165 /* pngwutil.c */ = {isa = PBXFileReference; fileEncoding = 4; lastKnownFileType = sourcecode.c.c; path = pngwutil.c; sourceTree = "<group>"; };
		F1279F3C27FC0C29006D4165 /* pngwtran.c */ = {isa = PBXFileReference; fileEncoding = 4; lastKnownFileType = sourcecode.c.c; path = pngwtran.c; sourceTree = "<group>"; };
		F1279F3D27FC0C29006D4165 /* pnglibconf.h */ = {isa = PBXFileReference; fileEncoding = 4; lastKnownFileType = sourcecode.c.h; path = pnglibconf.h; sourceTree = "<group>"; };
		F1279F3E27FC0C29006D4165 /* pngconf.h */ = {isa = PBXFileReference; fileEncoding = 4; lastKnownFileType = sourcecode.c.h; path = pngconf.h; sourceTree = "<group>"; };
		F1279F3F27FC0C29006D4165 /* pngpread.c */ = {isa = PBXFileReference; fileEncoding = 4; lastKnownFileType = sourcecode.c.c; path = pngpread.c; sourceTree = "<group>"; };
		F1279F4027FC0C29006D4165 /* pngdebug.h */ = {isa = PBXFileReference; fileEncoding = 4; lastKnownFileType = sourcecode.c.h; path = pngdebug.h; sourceTree = "<group>"; };
		F1279F4127FC0C29006D4165 /* pngread.c */ = {isa = PBXFileReference; fileEncoding = 4; lastKnownFileType = sourcecode.c.c; path = pngread.c; sourceTree = "<group>"; };
		F1279F4227FC0C29006D4165 /* pngmem.c */ = {isa = PBXFileReference; fileEncoding = 4; lastKnownFileType = sourcecode.c.c; path = pngmem.c; sourceTree = "<group>"; };
		F1279F4327FC0C29006D4165 /* pngget.c */ = {isa = PBXFileReference; fileEncoding = 4; lastKnownFileType = sourcecode.c.c; path = pngget.c; sourceTree = "<group>"; };
		F1279F4427FC0C29006D4165 /* png.c */ = {isa = PBXFileReference; fileEncoding = 4; lastKnownFileType = sourcecode.c.c; path = png.c; sourceTree = "<group>"; };
		F1279F4527FC0C29006D4165 /* pngrtran.c */ = {isa = PBXFileReference; fileEncoding = 4; lastKnownFileType = sourcecode.c.c; path = pngrtran.c; sourceTree = "<group>"; };
		F1279F4627FC0C29006D4165 /* pngrutil.c */ = {isa = PBXFileReference; fileEncoding = 4; lastKnownFileType = sourcecode.c.c; path = pngrutil.c; sourceTree = "<group>"; };
		F1279F4727FC0C29006D4165 /* pngset.c */ = {isa = PBXFileReference; fileEncoding = 4; lastKnownFileType = sourcecode.c.c; path = pngset.c; sourceTree = "<group>"; };
		F1321C8B27FC041200BD13B9 /* os.h */ = {isa = PBXFileReference; fileEncoding = 4; lastKnownFileType = sourcecode.c.h; path = os.h; sourceTree = "<group>"; };
		F19B4C1A28322C6E00FCD3A7 /* driver.m */ = {isa = PBXFileReference; fileEncoding = 4; lastKnownFileType = sourcecode.c.objc; path = driver.m; sourceTree = "<group>"; };
		F1A6FE29283609E9008D4346 /* gtx.h */ = {isa = PBXFileReference; fileEncoding = 4; lastKnownFileType = sourcecode.c.h; path = gtx.h; sourceTree = "<group>"; };
		F1A6FE2A283609E9008D4346 /* gtx6.h */ = {isa = PBXFileReference; fileEncoding = 4; lastKnownFileType = sourcecode.c.h; path = gtx6.h; sourceTree = "<group>"; };
		F1A6FE2B283609E9008D4346 /* modpal.h */ = {isa = PBXFileReference; fileEncoding = 4; lastKnownFileType = sourcecode.c.h; path = modpal.h; sourceTree = "<group>"; };
		F1A6FE2C283609E9008D4346 /* ospal.h */ = {isa = PBXFileReference; fileEncoding = 4; lastKnownFileType = sourcecode.c.h; path = ospal.h; sourceTree = "<group>"; };
		F1A6FE35283609FB008D4346 /* sendmain.cpp */ = {isa = PBXFileReference; fileEncoding = 4; lastKnownFileType = sourcecode.cpp.cpp; path = sendmain.cpp; sourceTree = "<group>"; };
		F1A6FE3828360A06008D4346 /* sendsub.mm */ = {isa = PBXFileReference; fileEncoding = 4; lastKnownFileType = sourcecode.cpp.objcpp; path = sendsub.mm; sourceTree = "<group>"; };
		F1C4ABC9282A06F000E0B0F2 /* ipp_private.h */ = {isa = PBXFileReference; fileEncoding = 4; lastKnownFileType = sourcecode.c.h; path = ipp_private.h; sourceTree = "<group>"; };
		F1C4ABCA282A06F000E0B0F2 /* printer.m */ = {isa = PBXFileReference; fileEncoding = 4; lastKnownFileType = sourcecode.c.objc; path = printer.m; sourceTree = "<group>"; };
		F1E6CBFA29C2DED300C9574E /* environdylib.c */ = {isa = PBXFileReference; fileEncoding = 4; lastKnownFileType = sourcecode.c.c; path = environdylib.c; sourceTree = "<group>"; };
/* End PBXFileReference section */

/* Begin PBXFrameworksBuildPhase section */
		F10022B427FC03260048F87C /* Frameworks */ = {
			isa = PBXFrameworksBuildPhase;
			buildActionMask = 2147483647;
			files = (
			);
			runOnlyForDeploymentPostprocessing = 0;
		};
/* End PBXFrameworksBuildPhase section */

/* Begin PBXGroup section */
		F10022AD27FC03260048F87C = {
			isa = PBXGroup;
			children = (
				F1279F3127FC0C29006D4165 /* libpng */,
				F1279F1C27FC0C29006D4165 /* zlib */,
				F10022B827FC03260048F87C /* gtlib */,
				F10022B727FC03260048F87C /* Products */,
			);
			sourceTree = "<group>";
		};
		F10022B727FC03260048F87C /* Products */ = {
			isa = PBXGroup;
			children = (
				F10022B627FC03260048F87C /* libgtlib.a */,
			);
			name = Products;
			sourceTree = "<group>";
		};
		F10022B827FC03260048F87C /* gtlib */ = {
			isa = PBXGroup;
			children = (
				F1A6FE29283609E9008D4346 /* gtx.h */,
				F1A6FE2A283609E9008D4346 /* gtx6.h */,
				F102AEA6295AC157007D4FCA /* gtx6sp.h */,
				F1A6FE2B283609E9008D4346 /* modpal.h */,
				F1A6FE2C283609E9008D4346 /* ospal.h */,
				F19B4C1128322C2200FCD3A7 /* gtx */,
				F1321C8A27FC041200BD13B9 /* mac */,
			);
			name = gtlib;
			path = ../gtlib;
			sourceTree = "<group>";
		};
		F1279F1C27FC0C29006D4165 /* zlib */ = {
			isa = PBXGroup;
			children = (
				F1279F1D27FC0C29006D4165 /* zutil.h */,
				F1279F1E27FC0C29006D4165 /* inftrees.h */,
				F1279F1F27FC0C29006D4165 /* inflate.c */,
				F1279F2027FC0C29006D4165 /* compress.c */,
				F1279F2127FC0C29006D4165 /* deflate.c */,
				F1279F2227FC0C29006D4165 /* inffixed.h */,
				F1279F2327FC0C29006D4165 /* trees.h */,
				F1279F2427FC0C29006D4165 /* inffast.h */,
				F1279F2527FC0C29006D4165 /* crc32.c */,
				F1279F2627FC0C29006D4165 /* zutil.c */,
				F1279F2727FC0C29006D4165 /* deflate.h */,
				F1279F2827FC0C29006D4165 /* zlib.h */,
				F1279F2927FC0C29006D4165 /* inflate.h */,
				F1279F2A27FC0C29006D4165 /* inftrees.c */,
				F1279F2B27FC0C29006D4165 /* trees.c */,
				F1279F2C27FC0C29006D4165 /* crc32.h */,
				F1279F2D27FC0C29006D4165 /* gzio.c */,
				F1279F2E27FC0C29006D4165 /* inffast.c */,
				F1279F2F27FC0C29006D4165 /* adler32.c */,
				F1279F3027FC0C29006D4165 /* zconf.h */,
			);
			name = zlib;
			path = ../zlib;
			sourceTree = "<group>";
		};
		F1279F3127FC0C29006D4165 /* libpng */ = {
			isa = PBXGroup;
			children = (
				F1279F3227FC0C29006D4165 /* pnginfo.h */,
				F1279F3327FC0C29006D4165 /* pngrio.c */,
				F1279F3427FC0C29006D4165 /* pngerror.c */,
				F1279F3527FC0C29006D4165 /* pngwio.c */,
				F1279F3627FC0C29006D4165 /* pngstruct.h */,
				F1279F3727FC0C29006D4165 /* pngtrans.c */,
				F1279F3827FC0C29006D4165 /* pngpriv.h */,
				F1279F3927FC0C29006D4165 /* pngwrite.c */,
				F1279F3A27FC0C29006D4165 /* png.h */,
				F1279F3B27FC0C29006D4165 /* pngwutil.c */,
				F1279F3C27FC0C29006D4165 /* pngwtran.c */,
				F1279F3D27FC0C29006D4165 /* pnglibconf.h */,
				F1279F3E27FC0C29006D4165 /* pngconf.h */,
				F1279F3F27FC0C29006D4165 /* pngpread.c */,
				F1279F4027FC0C29006D4165 /* pngdebug.h */,
				F1279F4127FC0C29006D4165 /* pngread.c */,
				F1279F4227FC0C29006D4165 /* pngmem.c */,
				F1279F4327FC0C29006D4165 /* pngget.c */,
				F1279F4427FC0C29006D4165 /* png.c */,
				F1279F4527FC0C29006D4165 /* pngrtran.c */,
				F1279F4627FC0C29006D4165 /* pngrutil.c */,
				F1279F4727FC0C29006D4165 /* pngset.c */,
			);
			name = libpng;
			path = ../libpng;
			sourceTree = "<group>";
		};
		F1321C8A27FC041200BD13B9 /* mac */ = {
			isa = PBXGroup;
			children = (
				F1C4ABC9282A06F000E0B0F2 /* ipp_private.h */,
				F19B4C1A28322C6E00FCD3A7 /* driver.m */,
				F1C4ABCA282A06F000E0B0F2 /* printer.m */,
				F1004A7B27FC3497004B8D69 /* environ.m */,
				F1E6CBFA29C2DED300C9574E /* environdylib.c */,
				F1A6FE3828360A06008D4346 /* sendsub.mm */,
				F1321C8B27FC041200BD13B9 /* os.h */,
			);
			path = mac;
			sourceTree = "<group>";
		};
		F19B4C1128322C2200FCD3A7 /* gtx */ = {
			isa = PBXGroup;
			children = (
				F102AEA0295AC137007D4FCA /* info_6.cpp */,
				F102AE9F295AC137007D4FCA /* info_6sp.cpp */,
				F102AEA1295AC137007D4FCA /* option_6.cpp */,
				F102AE9E295AC137007D4FCA /* option_6sp.cpp */,
				F1A6FE35283609FB008D4346 /* sendmain.cpp */,
			);
			path = gtx;
			sourceTree = "<group>";
		};
/* End PBXGroup section */

/* Begin PBXHeadersBuildPhase section */
		F10022B227FC03260048F87C /* Headers */ = {
			isa = PBXHeadersBuildPhase;
			buildActionMask = 2147483647;
			files = (
				F1A6FE31283609E9008D4346 /* ospal.h in Headers */,
				F1A6FE2E283609E9008D4346 /* gtx.h in Headers */,
				F1279F4927FC0C29006D4165 /* inftrees.h in Headers */,
				F1321C9227FC041200BD13B9 /* os.h in Headers */,
				F1279F5C27FC0C29006D4165 /* pnginfo.h in Headers */,
				F1279F4F27FC0C29006D4165 /* inffast.h in Headers */,
				F1279F6427FC0C29006D4165 /* png.h in Headers */,
				F1279F4827FC0C29006D4165 /* zutil.h in Headers */,
				F1279F6227FC0C29006D4165 /* pngpriv.h in Headers */,
				F1279F4D27FC0C29006D4165 /* inffixed.h in Headers */,
				F1279F6A27FC0C29006D4165 /* pngdebug.h in Headers */,
				F1279F5327FC0C29006D4165 /* zlib.h in Headers */,
				F1279F5727FC0C29006D4165 /* crc32.h in Headers */,
				F1279F6727FC0C29006D4165 /* pnglibconf.h in Headers */,
				F1279F6827FC0C29006D4165 /* pngconf.h in Headers */,
				F1279F5427FC0C29006D4165 /* inflate.h in Headers */,
				F1279F5B27FC0C29006D4165 /* zconf.h in Headers */,
				F1279F5227FC0C29006D4165 /* deflate.h in Headers */,
				F102AEA7295AC157007D4FCA /* gtx6sp.h in Headers */,
				F1A6FE2F283609E9008D4346 /* gtx6.h in Headers */,
				F1A6FE30283609E9008D4346 /* modpal.h in Headers */,
				F1C4ABCB282A06F000E0B0F2 /* ipp_private.h in Headers */,
				F1279F4E27FC0C29006D4165 /* trees.h in Headers */,
				F1279F6027FC0C29006D4165 /* pngstruct.h in Headers */,
			);
			runOnlyForDeploymentPostprocessing = 0;
		};
/* End PBXHeadersBuildPhase section */

/* Begin PBXNativeTarget section */
		F10022B527FC03260048F87C /* gtlib */ = {
			isa = PBXNativeTarget;
			buildConfigurationList = F10022BF27FC03260048F87C /* Build configuration list for PBXNativeTarget "gtlib" */;
			buildPhases = (
				F10022B227FC03260048F87C /* Headers */,
				F10022B327FC03260048F87C /* Sources */,
				F10022B427FC03260048F87C /* Frameworks */,
			);
			buildRules = (
			);
			dependencies = (
			);
			name = gtlib;
			productName = gtlib;
			productReference = F10022B627FC03260048F87C /* libgtlib.a */;
			productType = "com.apple.product-type.library.static";
		};
/* End PBXNativeTarget section */

/* Begin PBXProject section */
		F10022AE27FC03260048F87C /* Project object */ = {
			isa = PBXProject;
			attributes = {
				LastUpgradeCheck = 1420;
				TargetAttributes = {
					F10022B527FC03260048F87C = {
						CreatedOnToolsVersion = 12.4;
					};
				};
			};
			buildConfigurationList = F10022B127FC03260048F87C /* Build configuration list for PBXProject "gtlib" */;
			compatibilityVersion = "Xcode 9.3";
			developmentRegion = en;
			hasScannedForEncodings = 0;
			knownRegions = (
				en,
				Base,
			);
			mainGroup = F10022AD27FC03260048F87C;
			productRefGroup = F10022B727FC03260048F87C /* Products */;
			projectDirPath = "";
			projectRoot = "";
			targets = (
				F10022B527FC03260048F87C /* gtlib */,
			);
		};
/* End PBXProject section */

/* Begin PBXSourcesBuildPhase section */
		F10022B327FC03260048F87C /* Sources */ = {
			isa = PBXSourcesBuildPhase;
			buildActionMask = 2147483647;
			files = (
				F1004A7C27FC3497004B8D69 /* environ.m in Sources */,
				F102AEA3295AC137007D4FCA /* info_6sp.cpp in Sources */,
				F1279F6527FC0C29006D4165 /* pngwutil.c in Sources */,
				F1279F5827FC0C29006D4165 /* gzio.c in Sources */,
				F19B4C1B28322C6E00FCD3A7 /* driver.m in Sources */,
				F1279F5127FC0C29006D4165 /* zutil.c in Sources */,
				F1279F6C27FC0C29006D4165 /* pngmem.c in Sources */,
				F1A6FE3928360A06008D4346 /* sendsub.mm in Sources */,
				F1279F5D27FC0C29006D4165 /* pngrio.c in Sources */,
				F1279F6E27FC0C29006D4165 /* png.c in Sources */,
				F1279F5E27FC0C29006D4165 /* pngerror.c in Sources */,
				F1279F6B27FC0C29006D4165 /* pngread.c in Sources */,
				F102AEA4295AC137007D4FCA /* info_6.cpp in Sources */,
				F1279F4C27FC0C29006D4165 /* deflate.c in Sources */,
				F1E6CBFB29C2DED300C9574E /* environdylib.c in Sources */,
				F1279F5A27FC0C29006D4165 /* adler32.c in Sources */,
				F1279F6627FC0C29006D4165 /* pngwtran.c in Sources */,
				F1279F5627FC0C29006D4165 /* trees.c in Sources */,
				F1279F6927FC0C29006D4165 /* pngpread.c in Sources */,
				F1279F7127FC0C29006D4165 /* pngset.c in Sources */,
				F1279F5927FC0C29006D4165 /* inffast.c in Sources */,
				F1A6FE36283609FB008D4346 /* sendmain.cpp in Sources */,
				F102AEA5295AC137007D4FCA /* option_6.cpp in Sources */,
				F1279F6D27FC0C29006D4165 /* pngget.c in Sources */,
				F102AEA2295AC137007D4FCA /* option_6sp.cpp in Sources */,
				F1279F7027FC0C29006D4165 /* pngrutil.c in Sources */,
				F1279F6327FC0C29006D4165 /* pngwrite.c in Sources */,
				F1C4ABCC282A06F000E0B0F2 /* printer.m in Sources */,
				F1279F4A27FC0C29006D4165 /* inflate.c in Sources */,
				F1279F5527FC0C29006D4165 /* inftrees.c in Sources */,
				F1279F5F27FC0C29006D4165 /* pngwio.c in Sources */,
				F1279F5027FC0C29006D4165 /* crc32.c in Sources */,
				F1279F6F27FC0C29006D4165 /* pngrtran.c in Sources */,
				F1279F4B27FC0C29006D4165 /* compress.c in Sources */,
				F1279F6127FC0C29006D4165 /* pngtrans.c in Sources */,
			);
			runOnlyForDeploymentPostprocessing = 0;
		};
/* End PBXSourcesBuildPhase section */

/* Begin XCBuildConfiguration section */
		F10022BD27FC03260048F87C /* Debug */ = {
			isa = XCBuildConfiguration;
			buildSettings = {
				ALWAYS_SEARCH_USER_PATHS = NO;
				CLANG_ANALYZER_NONNULL = YES;
				CLANG_ANALYZER_NUMBER_OBJECT_CONVERSION = YES_AGGRESSIVE;
				CLANG_CXX_LANGUAGE_STANDARD = "gnu++14";
				CLANG_CXX_LIBRARY = "libc++";
				CLANG_ENABLE_MODULES = YES;
				CLANG_ENABLE_OBJC_ARC = YES;
				CLANG_ENABLE_OBJC_WEAK = YES;
				CLANG_WARN_BLOCK_CAPTURE_AUTORELEASING = YES;
				CLANG_WARN_BOOL_CONVERSION = YES;
				CLANG_WARN_COMMA = YES;
				CLANG_WARN_CONSTANT_CONVERSION = YES;
				CLANG_WARN_DEPRECATED_OBJC_IMPLEMENTATIONS = YES;
				CLANG_WARN_DIRECT_OBJC_ISA_USAGE = YES_ERROR;
				CLANG_WARN_DOCUMENTATION_COMMENTS = YES;
				CLANG_WARN_EMPTY_BODY = YES;
				CLANG_WARN_ENUM_CONVERSION = YES;
				CLANG_WARN_INFINITE_RECURSION = YES;
				CLANG_WARN_INT_CONVERSION = YES;
				CLANG_WARN_NON_LITERAL_NULL_CONVERSION = YES;
				CLANG_WARN_OBJC_IMPLICIT_RETAIN_SELF = YES;
				CLANG_WARN_OBJC_LITERAL_CONVERSION = YES;
				CLANG_WARN_OBJC_ROOT_CLASS = YES_ERROR;
				CLANG_WARN_QUOTED_INCLUDE_IN_FRAMEWORK_HEADER = YES;
				CLANG_WARN_RANGE_LOOP_ANALYSIS = YES;
				CLANG_WARN_STRICT_PROTOTYPES = YES;
				CLANG_WARN_SUSPICIOUS_MOVE = YES;
				CLANG_WARN_UNGUARDED_AVAILABILITY = YES_AGGRESSIVE;
				CLANG_WARN_UNREACHABLE_CODE = YES;
				CLANG_WARN__DUPLICATE_METHOD_MATCH = YES;
				COPY_PHASE_STRIP = NO;
				DEAD_CODE_STRIPPING = YES;
				DEBUG_INFORMATION_FORMAT = dwarf;
				ENABLE_STRICT_OBJC_MSGSEND = YES;
				ENABLE_TESTABILITY = YES;
				GCC_C_LANGUAGE_STANDARD = gnu11;
				GCC_DYNAMIC_NO_PIC = NO;
				GCC_NO_COMMON_BLOCKS = YES;
				GCC_OPTIMIZATION_LEVEL = 0;
				GCC_PREPROCESSOR_DEFINITIONS = (
					"DEBUG=1",
					"$(inherited)",
				);
				GCC_WARN_64_TO_32_BIT_CONVERSION = YES;
				GCC_WARN_ABOUT_RETURN_TYPE = YES_ERROR;
				GCC_WARN_UNDECLARED_SELECTOR = YES;
				GCC_WARN_UNINITIALIZED_AUTOS = YES_AGGRESSIVE;
				GCC_WARN_UNUSED_FUNCTION = YES;
				GCC_WARN_UNUSED_VARIABLE = YES;
				MACOSX_DEPLOYMENT_TARGET = 10.15;
				MTL_ENABLE_DEBUG_INFO = INCLUDE_SOURCE;
				MTL_FAST_MATH = YES;
				ONLY_ACTIVE_ARCH = YES;
				SDKROOT = macosx;
			};
			name = Debug;
		};
		F10022BE27FC03260048F87C /* Release */ = {
			isa = XCBuildConfiguration;
			buildSettings = {
				ALWAYS_SEARCH_USER_PATHS = NO;
				CLANG_ANALYZER_NONNULL = YES;
				CLANG_ANALYZER_NUMBER_OBJECT_CONVERSION = YES_AGGRESSIVE;
				CLANG_CXX_LANGUAGE_STANDARD = "gnu++14";
				CLANG_CXX_LIBRARY = "libc++";
				CLANG_ENABLE_MODULES = YES;
				CLANG_ENABLE_OBJC_ARC = YES;
				CLANG_ENABLE_OBJC_WEAK = YES;
				CLANG_WARN_BLOCK_CAPTURE_AUTORELEASING = YES;
				CLANG_WARN_BOOL_CONVERSION = YES;
				CLANG_WARN_COMMA = YES;
				CLANG_WARN_CONSTANT_CONVERSION = YES;
				CLANG_WARN_DEPRECATED_OBJC_IMPLEMENTATIONS = YES;
				CLANG_WARN_DIRECT_OBJC_ISA_USAGE = YES_ERROR;
				CLANG_WARN_DOCUMENTATION_COMMENTS = YES;
				CLANG_WARN_EMPTY_BODY = YES;
				CLANG_WARN_ENUM_CONVERSION = YES;
				CLANG_WARN_INFINITE_RECURSION = YES;
				CLANG_WARN_INT_CONVERSION = YES;
				CLANG_WARN_NON_LITERAL_NULL_CONVERSION = YES;
				CLANG_WARN_OBJC_IMPLICIT_RETAIN_SELF = YES;
				CLANG_WARN_OBJC_LITERAL_CONVERSION = YES;
				CLANG_WARN_OBJC_ROOT_CLASS = YES_ERROR;
				CLANG_WARN_QUOTED_INCLUDE_IN_FRAMEWORK_HEADER = YES;
				CLANG_WARN_RANGE_LOOP_ANALYSIS = YES;
				CLANG_WARN_STRICT_PROTOTYPES = YES;
				CLANG_WARN_SUSPICIOUS_MOVE = YES;
				CLANG_WARN_UNGUARDED_AVAILABILITY = YES_AGGRESSIVE;
				CLANG_WARN_UNREACHABLE_CODE = YES;
				CLANG_WARN__DUPLICATE_METHOD_MATCH = YES;
				COPY_PHASE_STRIP = NO;
				DEAD_CODE_STRIPPING = YES;
				DEBUG_INFORMATION_FORMAT = "dwarf-with-dsym";
				ENABLE_NS_ASSERTIONS = NO;
				ENABLE_STRICT_OBJC_MSGSEND = YES;
				GCC_C_LANGUAGE_STANDARD = gnu11;
				GCC_NO_COMMON_BLOCKS = YES;
				GCC_WARN_64_TO_32_BIT_CONVERSION = YES;
				GCC_WARN_ABOUT_RETURN_TYPE = YES_ERROR;
				GCC_WARN_UNDECLARED_SELECTOR = YES;
				GCC_WARN_UNINITIALIZED_AUTOS = YES_AGGRESSIVE;
				GCC_WARN_UNUSED_FUNCTION = YES;
				GCC_WARN_UNUSED_VARIABLE = YES;
				MACOSX_DEPLOYMENT_TARGET = 10.15;
				MTL_ENABLE_DEBUG_INFO = NO;
				MTL_FAST_MATH = YES;
				SDKROOT = macosx;
			};
			name = Release;
		};
		F10022C027FC03260048F87C /* Debug */ = {
			isa = XCBuildConfiguration;
			buildSettings = {
				CODE_SIGN_STYLE = Automatic;
				DEAD_CODE_STRIPPING = YES;
				EXECUTABLE_PREFIX = lib;
				HEADER_SEARCH_PATHS = ../../GTX6Filter/Source_GT;
				PRODUCT_NAME = "$(TARGET_NAME)";
				SKIP_INSTALL = YES;
				USER_HEADER_SEARCH_PATHS = ../include;
			};
			name = Debug;
		};
		F10022C127FC03260048F87C /* Release */ = {
			isa = XCBuildConfiguration;
			buildSettings = {
				CODE_SIGN_STYLE = Automatic;
				DEAD_CODE_STRIPPING = YES;
				EXECUTABLE_PREFIX = lib;
				HEADER_SEARCH_PATHS = ../../GTX6Filter/Source_GT;
				PRODUCT_NAME = "$(TARGET_NAME)";
				SKIP_INSTALL = YES;
				USER_HEADER_SEARCH_PATHS = ../include;
			};
			name = Release;
		};
/* End XCBuildConfiguration section */

/* Begin XCConfigurationList section */
		F10022B127FC03260048F87C /* Build configuration list for PBXProject "gtlib" */ = {
			isa = XCConfigurationList;
			buildConfigurations = (
				F10022BD27FC03260048F87C /* Debug */,
				F10022BE27FC03260048F87C /* Release */,
			);
			defaultConfigurationIsVisible = 0;
			defaultConfigurationName = Release;
		};
		F10022BF27FC03260048F87C /* Build configuration list for PBXNativeTarget "gtlib" */ = {
			isa = XCConfigurationList;
			buildConfigurations = (
				F10022C027FC03260048F87C /* Debug */,
				F10022C127FC03260048F87C /* Release */,
			);
			defaultConfigurationIsVisible = 0;
			defaultConfigurationName = Release;
		};
/* End XCConfigurationList section */
	};
	rootObject = F10022AE27FC03260048F87C /* Project object */;
}
