<?xml version="1.0" encoding="utf-8"?>
<Project ToolsVersion="4.0" xmlns="http://schemas.microsoft.com/developer/msbuild/2003">
  <ItemGroup>
    <Filter Include="gtlib ファイル">
      <UniqueIdentifier>{4FC737F1-C7A5-4376-A066-2A32D752A2FF}</UniqueIdentifier>
      <Extensions>cpp;c;cc;cxx;c++;cppm;ixx;def;odl;idl;hpj;bat;asm;asmx</Extensions>
    </Filter>
    <Filter Include="zlib ファイル">
      <UniqueIdentifier>{93995380-89BD-4b04-88EB-625FBE52EBFB}</UniqueIdentifier>
      <Extensions>h;hh;hpp;hxx;h++;hm;inl;inc;ipp;xsd</Extensions>
    </Filter>
    <Filter Include="pnglib ファイル">
      <UniqueIdentifier>{67DA6AB6-F800-4c08-8B7A-83BB121AAD01}</UniqueIdentifier>
      <Extensions>rc;ico;cur;bmp;dlg;rc2;rct;bin;rgs;gif;jpg;jpeg;jpe;resx;tiff;tif;png;wav;mfcribbon-ms</Extensions>
    </Filter>
    <Filter Include="gtlib ファイル\gtx">
      <UniqueIdentifier>{d2d5a444-a8f3-4762-923c-bfcfe5d71a70}</UniqueIdentifier>
    </Filter>
    <Filter Include="gtlib ファイル\win">
      <UniqueIdentifier>{07158523-3bb7-422c-9131-c4a12653dc75}</UniqueIdentifier>
    </Filter>
    <Filter Include="gtlib ファイル\gtlib">
      <UniqueIdentifier>{8adae0d5-4ec3-4072-8fd7-f8ac86d44882}</UniqueIdentifier>
    </Filter>
  </ItemGroup>
  <ItemGroup>
    <ClInclude Include="..\zlib\crc32.h">
      <Filter>zlib ファイル</Filter>
    </ClInclude>
    <ClInclude Include="..\zlib\deflate.h">
      <Filter>zlib ファイル</Filter>
    </ClInclude>
    <ClInclude Include="..\zlib\inffast.h">
      <Filter>zlib ファイル</Filter>
    </ClInclude>
    <ClInclude Include="..\zlib\inffixed.h">
      <Filter>zlib ファイル</Filter>
    </ClInclude>
    <ClInclude Include="..\zlib\inflate.h">
      <Filter>zlib ファイル</Filter>
    </ClInclude>
    <ClInclude Include="..\zlib\inftrees.h">
      <Filter>zlib ファイル</Filter>
    </ClInclude>
    <ClInclude Include="..\zlib\trees.h">
      <Filter>zlib ファイル</Filter>
    </ClInclude>
    <ClInclude Include="..\zlib\zconf.h">
      <Filter>zlib ファイル</Filter>
    </ClInclude>
    <ClInclude Include="..\zlib\zlib.h">
      <Filter>zlib ファイル</Filter>
    </ClInclude>
    <ClInclude Include="..\zlib\zutil.h">
      <Filter>zlib ファイル</Filter>
    </ClInclude>
    <ClInclude Include="..\libpng\png.h">
      <Filter>pnglib ファイル</Filter>
    </ClInclude>
    <ClInclude Include="..\libpng\pngconf.h">
      <Filter>pnglib ファイル</Filter>
    </ClInclude>
    <ClInclude Include="..\libpng\pngdebug.h">
      <Filter>pnglib ファイル</Filter>
    </ClInclude>
    <ClInclude Include="..\libpng\pnginfo.h">
      <Filter>pnglib ファイル</Filter>
    </ClInclude>
    <ClInclude Include="..\libpng\pnglibconf.h">
      <Filter>pnglib ファイル</Filter>
    </ClInclude>
    <ClInclude Include="..\libpng\pngpriv.h">
      <Filter>pnglib ファイル</Filter>
    </ClInclude>
    <ClInclude Include="..\libpng\pngstruct.h">
      <Filter>pnglib ファイル</Filter>
    </ClInclude>
    <ClInclude Include="..\gtlib\gtx6.h">
      <Filter>gtlib ファイル</Filter>
    </ClInclude>
    <ClInclude Include="..\gtlib\gtx.h">
      <Filter>gtlib ファイル</Filter>
    </ClInclude>
    <ClInclude Include="..\gtlib\ospal.h">
      <Filter>gtlib ファイル</Filter>
    </ClInclude>
    <ClInclude Include="..\gtlib\win\os.h">
      <Filter>gtlib ファイル\win</Filter>
    </ClInclude>
    <ClInclude Include="..\gtlib\gtlib\defines.hpp">
      <Filter>gtlib ファイル\gtlib</Filter>
    </ClInclude>
    <ClInclude Include="..\gtlib\gtlib\module.h">
      <Filter>gtlib ファイル\gtlib</Filter>
    </ClInclude>
    <ClInclude Include="..\gtlib\gtlib\string.hpp">
      <Filter>gtlib ファイル\gtlib</Filter>
    </ClInclude>
    <ClInclude Include="..\gtlib\gtlib.h">
      <Filter>gtlib ファイル</Filter>
    </ClInclude>
    <ClInclude Include="..\gtlib\gtx6\info.h">
      <Filter>zlib ファイル</Filter>
    </ClInclude>
    <ClInclude Include="..\gtlib\gtx6sp.h">
      <Filter>gtlib ファイル</Filter>
    </ClInclude>
  </ItemGroup>
  <ItemGroup>
    <ClCompile Include="..\zlib\adler32.c">
      <Filter>zlib ファイル</Filter>
    </ClCompile>
    <ClCompile Include="..\zlib\compress.c">
      <Filter>zlib ファイル</Filter>
    </ClCompile>
    <ClCompile Include="..\zlib\crc32.c">
      <Filter>zlib ファイル</Filter>
    </ClCompile>
    <ClCompile Include="..\zlib\deflate.c">
      <Filter>zlib ファイル</Filter>
    </ClCompile>
    <ClCompile Include="..\zlib\gzio.c">
      <Filter>zlib ファイル</Filter>
    </ClCompile>
    <ClCompile Include="..\zlib\inffast.c">
      <Filter>zlib ファイル</Filter>
    </ClCompile>
    <ClCompile Include="..\zlib\inflate.c">
      <Filter>zlib ファイル</Filter>
    </ClCompile>
    <ClCompile Include="..\zlib\inftrees.c">
      <Filter>zlib ファイル</Filter>
    </ClCompile>
    <ClCompile Include="..\zlib\trees.c">
      <Filter>zlib ファイル</Filter>
    </ClCompile>
    <ClCompile Include="..\zlib\zutil.c">
      <Filter>zlib ファイル</Filter>
    </ClCompile>
    <ClCompile Include="..\libpng\png.c">
      <Filter>pnglib ファイル</Filter>
    </ClCompile>
    <ClCompile Include="..\libpng\pngerror.c">
      <Filter>pnglib ファイル</Filter>
    </ClCompile>
    <ClCompile Include="..\libpng\pngget.c">
      <Filter>pnglib ファイル</Filter>
    </ClCompile>
    <ClCompile Include="..\libpng\pngmem.c">
      <Filter>pnglib ファイル</Filter>
    </ClCompile>
    <ClCompile Include="..\libpng\pngpread.c">
      <Filter>pnglib ファイル</Filter>
    </ClCompile>
    <ClCompile Include="..\libpng\pngread.c">
      <Filter>pnglib ファイル</Filter>
    </ClCompile>
    <ClCompile Include="..\libpng\pngrio.c">
      <Filter>pnglib ファイル</Filter>
    </ClCompile>
    <ClCompile Include="..\libpng\pngrtran.c">
      <Filter>pnglib ファイル</Filter>
    </ClCompile>
    <ClCompile Include="..\libpng\pngrutil.c">
      <Filter>pnglib ファイル</Filter>
    </ClCompile>
    <ClCompile Include="..\libpng\pngset.c">
      <Filter>pnglib ファイル</Filter>
    </ClCompile>
    <ClCompile Include="..\libpng\pngtrans.c">
      <Filter>pnglib ファイル</Filter>
    </ClCompile>
    <ClCompile Include="..\libpng\pngwio.c">
      <Filter>pnglib ファイル</Filter>
    </ClCompile>
    <ClCompile Include="..\libpng\pngwrite.c">
      <Filter>pnglib ファイル</Filter>
    </ClCompile>
    <ClCompile Include="..\libpng\pngwtran.c">
      <Filter>pnglib ファイル</Filter>
    </ClCompile>
    <ClCompile Include="..\libpng\pngwutil.c">
      <Filter>pnglib ファイル</Filter>
    </ClCompile>
    <ClCompile Include="..\gtlib\win\environ.cpp">
      <Filter>gtlib ファイル\win</Filter>
    </ClCompile>
    <ClCompile Include="..\gtlib\win\printer.cpp">
      <Filter>gtlib ファイル\win</Filter>
    </ClCompile>
    <ClCompile Include="..\gtlib\gtlib\comm.cpp">
      <Filter>gtlib ファイル\gtlib</Filter>
    </ClCompile>
    <ClCompile Include="..\gtlib\win\driver.cpp">
      <Filter>gtlib ファイル\win</Filter>
    </ClCompile>
    <ClCompile Include="..\gtlib\win\sendsub.cpp">
      <Filter>gtlib ファイル\win</Filter>
    </ClCompile>
    <ClCompile Include="..\gtlib\gtx\sendmain.cpp">
      <Filter>gtlib ファイル\gtx</Filter>
    </ClCompile>
    <ClCompile Include="..\gtlib\gtx\info_6.cpp">
      <Filter>gtlib ファイル\gtx</Filter>
    </ClCompile>
    <ClCompile Include="..\gtlib\gtx\info_6sp.cpp">
      <Filter>gtlib ファイル\gtx</Filter>
    </ClCompile>
    <ClCompile Include="..\gtlib\gtx\option_6.cpp">
      <Filter>gtlib ファイル\gtx</Filter>
    </ClCompile>
    <ClCompile Include="..\gtlib\gtx\option_6sp.cpp">
      <Filter>gtlib ファイル\gtx</Filter>
    </ClCompile>
  </ItemGroup>
</Project>