<?xml version="1.0" encoding="utf-8"?>
<Project ToolsVersion="4.0" xmlns="http://schemas.microsoft.com/developer/msbuild/2003">
  <ItemGroup>
    <ClCompile Include="HumidFanFilter.cpp" />
    <ClCompile Include="ServSheet.cpp" />
    <ClCompile Include="Complete.cpp" />
    <ClCompile Include="AdjCRSpeed1.cpp">
      <Filter>Source Files</Filter>
    </ClCompile>
    <ClCompile Include="AdjCRSpeed2.cpp">
      <Filter>Source Files</Filter>
    </ClCompile>
    <ClCompile Include="AdjThermis.cpp">
      <Filter>Source Files</Filter>
    </ClCompile>
    <ClCompile Include="AdjThermis2.cpp">
      <Filter>Source Files</Filter>
    </ClCompile>
    <ClCompile Include="AdjThermis3.cpp">
      <Filter>Source Files</Filter>
    </ClCompile>
    <ClCompile Include="zlib\adler32.c">
      <Filter>zlib Files</Filter>
    </ClCompile>
    <ClCompile Include="Backup.cpp">
      <Filter>Source Files</Filter>
    </ClCompile>
    <ClCompile Include="Backup2.cpp">
      <Filter>Source Files</Filter>
    </ClCompile>
    <ClCompile Include="BarCode.cpp">
      <Filter>Source Files</Filter>
    </ClCompile>
    <ClCompile Include="zlib\compress.c">
      <Filter>zlib Files</Filter>
    </ClCompile>
    <ClCompile Include="zlib\crc32.c">
      <Filter>zlib Files</Filter>
    </ClCompile>
    <ClCompile Include="zlib\deflate.c">
      <Filter>zlib Files</Filter>
    </ClCompile>
    <ClCompile Include="zlib\gzio.c">
      <Filter>zlib Files</Filter>
    </ClCompile>
    <ClCompile Include="zlib\inffast.c">
      <Filter>zlib Files</Filter>
    </ClCompile>
    <ClCompile Include="zlib\inflate.c">
      <Filter>zlib Files</Filter>
    </ClCompile>
    <ClCompile Include="zlib\inftrees.c">
      <Filter>zlib Files</Filter>
    </ClCompile>
    <ClCompile Include="zlib\trees.c">
      <Filter>zlib Files</Filter>
    </ClCompile>
    <ClCompile Include="zlib\zutil.c">
      <Filter>zlib Files</Filter>
    </ClCompile>
    <ClCompile Include="BatteryChg1.cpp">
      <Filter>Source Files</Filter>
    </ClCompile>
    <ClCompile Include="BatteryChg2.cpp">
      <Filter>Source Files</Filter>
    </ClCompile>
    <ClCompile Include="ChkLog1.cpp">
      <Filter>Source Files</Filter>
    </ClCompile>
    <ClCompile Include="CRMotorChg1.cpp">
      <Filter>Source Files</Filter>
    </ClCompile>
    <ClCompile Include="CROrigin.cpp">
      <Filter>Source Files</Filter>
    </ClCompile>
    <ClCompile Include="DlgLogCsvProg.cpp">
      <Filter>Source Files</Filter>
    </ClCompile>
    <ClCompile Include="DlgLogTxtProg.cpp">
      <Filter>Source Files</Filter>
    </ClCompile>
    <ClCompile Include="EEPDispSel.cpp">
      <Filter>Source Files</Filter>
    </ClCompile>
    <ClCompile Include="EEPFile.cpp">
      <Filter>Source Files</Filter>
    </ClCompile>
    <ClCompile Include="EEPROMRestore.cpp">
      <Filter>Source Files</Filter>
    </ClCompile>
    <ClCompile Include="FirePage.cpp">
      <Filter>Source Files</Filter>
    </ClCompile>
    <ClCompile Include="FirmLogCode.cpp">
      <Filter>Source Files</Filter>
    </ClCompile>
    <ClCompile Include="FolderDialog.cpp">
      <Filter>Source Files</Filter>
    </ClCompile>
    <ClCompile Include="FontSize.cpp">
      <Filter>Source Files</Filter>
    </ClCompile>
    <ClCompile Include="FVerInfo.cpp">
      <Filter>Source Files</Filter>
    </ClCompile>
    <ClCompile Include="GTLogEntry.cpp">
      <Filter>Source Files</Filter>
    </ClCompile>
    <ClCompile Include="GTLogFile.cpp">
      <Filter>Source Files</Filter>
    </ClCompile>
    <ClCompile Include="HeadCheck.cpp">
      <Filter>Source Files</Filter>
    </ClCompile>
    <ClCompile Include="HeadHistory.cpp">
      <Filter>Source Files</Filter>
    </ClCompile>
    <ClCompile Include="InAdvanceMain.cpp">
      <Filter>Source Files</Filter>
    </ClCompile>
    <ClCompile Include="InitInkState.cpp">
      <Filter>Source Files</Filter>
    </ClCompile>
    <ClCompile Include="IPClear.cpp">
      <Filter>Source Files</Filter>
    </ClCompile>
    <ClCompile Include="LogAnal.cpp">
      <Filter>Source Files</Filter>
    </ClCompile>
    <ClCompile Include="LogArchive.cpp">
      <Filter>Source Files</Filter>
    </ClCompile>
    <ClCompile Include="LogDate.cpp">
      <Filter>Source Files</Filter>
    </ClCompile>
    <ClCompile Include="LogFileInfo.cpp">
      <Filter>Source Files</Filter>
    </ClCompile>
    <ClCompile Include="LogList.cpp">
      <Filter>Source Files</Filter>
    </ClCompile>
    <ClCompile Include="LogRecord.cpp">
      <Filter>Source Files</Filter>
    </ClCompile>
    <ClCompile Include="logcode.c">
      <Filter>Source Files</Filter>
    </ClCompile>
    <ClCompile Include="LogString.cpp">
      <Filter>Source Files</Filter>
    </ClCompile>
    <ClCompile Include="LogView.cpp">
      <Filter>Source Files</Filter>
    </ClCompile>
    <ClCompile Include="MainBoardBranch.cpp">
      <Filter>Source Files</Filter>
    </ClCompile>
    <ClCompile Include="MemEntry.cpp">
      <Filter>Source Files</Filter>
    </ClCompile>
    <ClCompile Include="PlatenFeeding.cpp">
      <Filter>Source Files</Filter>
    </ClCompile>
    <ClCompile Include="PumpChg1.cpp">
      <Filter>Source Files</Filter>
    </ClCompile>
    <ClCompile Include="PumpChg2.cpp">
      <Filter>Source Files</Filter>
    </ClCompile>
    <ClCompile Include="ResetTube.cpp">
      <Filter>Source Files</Filter>
    </ClCompile>
    <ClCompile Include="ResetTube2.cpp">
      <Filter>Source Files</Filter>
    </ClCompile>
    <ClCompile Include="ResetVoltage.cpp">
      <Filter>Source Files</Filter>
    </ClCompile>
    <ClCompile Include="RTCSetAndBattery.cpp">
      <Filter>Source Files</Filter>
    </ClCompile>
    <ClCompile Include="RTCSetAndResetEEPROM.cpp">
      <Filter>Source Files</Filter>
    </ClCompile>
    <ClCompile Include="SelectRegionPopupDlg.cpp">
      <Filter>Source Files</Filter>
    </ClCompile>
    <ClCompile Include="ServChgParts.cpp">
      <Filter>Source Files</Filter>
    </ClCompile>
    <ClCompile Include="ServFirst.cpp">
      <Filter>Source Files</Filter>
    </ClCompile>
    <ClCompile Include="ServSelOpe.cpp">
      <Filter>Source Files</Filter>
    </ClCompile>
    <ClCompile Include="SetDate.cpp">
      <Filter>Source Files</Filter>
    </ClCompile>
    <ClCompile Include="SetDate2.cpp">
      <Filter>Source Files</Filter>
    </ClCompile>
    <ClCompile Include="SetIpPage.cpp">
      <Filter>Source Files</Filter>
    </ClCompile>
    <ClCompile Include="SetPosPage.cpp">
      <Filter>Source Files</Filter>
    </ClCompile>
    <ClCompile Include="SetSamePage.cpp">
      <Filter>Source Files</Filter>
    </ClCompile>
    <ClCompile Include="SetColorPage.cpp">
      <Filter>Source Files</Filter>
    </ClCompile>
    <ClCompile Include="StatDlg.cpp">
      <Filter>Source Files</Filter>
    </ClCompile>
    <ClCompile Include="StatisticsDay.cpp">
      <Filter>Source Files</Filter>
    </ClCompile>
    <ClCompile Include="StatisticsJob.cpp">
      <Filter>Source Files</Filter>
    </ClCompile>
    <ClCompile Include="StdAfx.cpp">
      <Filter>Source Files</Filter>
    </ClCompile>
    <ClCompile Include="ViewLogFile.cpp">
      <Filter>Source Files</Filter>
    </ClCompile>
    <ClCompile Include="ViewEEP2.cpp">
      <Filter>Source Files</Filter>
    </ClCompile>
    <ClCompile Include="Vrating.cpp">
      <Filter>Source Files</Filter>
    </ClCompile>
    <ClCompile Include="WhiteHalt.cpp">
      <Filter>Source Files</Filter>
    </ClCompile>
    <ClCompile Include="WorkTime.cpp">
      <Filter>Source Files</Filter>
    </ClCompile>
    <ClCompile Include="BGJServTool.cpp" />
    <ClCompile Include="ResetPSel.cpp" />
    <ClCompile Include="ServPSel.cpp">
      <Filter>Source Files</Filter>
    </ClCompile>
    <ClCompile Include="Language.cpp" />
  </ItemGroup>
  <ItemGroup>
    <ClInclude Include="BGJServTool.h" />
    <ClInclude Include="HumidFanFilter.h" />
    <ClInclude Include="resource.h" />
    <ClInclude Include="ServSheet.h" />
    <ClInclude Include="Complete.h" />
    <ClInclude Include="AdjCRSpeed1.h">
      <Filter>Header Files</Filter>
    </ClInclude>
    <ClInclude Include="AdjCRSpeed2.h">
      <Filter>Header Files</Filter>
    </ClInclude>
    <ClInclude Include="AdjThermis.h">
      <Filter>Header Files</Filter>
    </ClInclude>
    <ClInclude Include="AdjThermis2.h">
      <Filter>Header Files</Filter>
    </ClInclude>
    <ClInclude Include="AdjThermis3.h">
      <Filter>Header Files</Filter>
    </ClInclude>
    <ClInclude Include="Backup.h">
      <Filter>Header Files</Filter>
    </ClInclude>
    <ClInclude Include="Backup2.h">
      <Filter>Header Files</Filter>
    </ClInclude>
    <ClInclude Include="zlib\crc32.h">
      <Filter>zlib Files</Filter>
    </ClInclude>
    <ClInclude Include="zlib\deflate.h">
      <Filter>zlib Files</Filter>
    </ClInclude>
    <ClInclude Include="zlib\inffast.h">
      <Filter>zlib Files</Filter>
    </ClInclude>
    <ClInclude Include="zlib\inffixed.h">
      <Filter>zlib Files</Filter>
    </ClInclude>
    <ClInclude Include="zlib\inflate.h">
      <Filter>zlib Files</Filter>
    </ClInclude>
    <ClInclude Include="zlib\inftrees.h">
      <Filter>zlib Files</Filter>
    </ClInclude>
    <ClInclude Include="zlib\trees.h">
      <Filter>zlib Files</Filter>
    </ClInclude>
    <ClInclude Include="zlib\zconf.h">
      <Filter>zlib Files</Filter>
    </ClInclude>
    <ClInclude Include="zlib\zlib.h">
      <Filter>zlib Files</Filter>
    </ClInclude>
    <ClInclude Include="zlib\zutil.h">
      <Filter>zlib Files</Filter>
    </ClInclude>
    <ClInclude Include="BatteryChg1.h">
      <Filter>Header Files</Filter>
    </ClInclude>
    <ClInclude Include="BarCode.h">
      <Filter>Header Files</Filter>
    </ClInclude>
    <ClInclude Include="BatteryChg2.h">
      <Filter>Header Files</Filter>
    </ClInclude>
    <ClInclude Include="ChkLog1.h">
      <Filter>Header Files</Filter>
    </ClInclude>
    <ClInclude Include="CRMotorChg1.h">
      <Filter>Header Files</Filter>
    </ClInclude>
    <ClInclude Include="CROrigin.h">
      <Filter>Header Files</Filter>
    </ClInclude>
    <ClInclude Include="DlgLogCsvProg.h">
      <Filter>Header Files</Filter>
    </ClInclude>
    <ClInclude Include="DlgLogTxtProg.h">
      <Filter>Header Files</Filter>
    </ClInclude>
    <ClInclude Include="EEPDispSel.h">
      <Filter>Header Files</Filter>
    </ClInclude>
    <ClInclude Include="EEPFile.h">
      <Filter>Header Files</Filter>
    </ClInclude>
    <ClInclude Include="EEPROMRestore.h">
      <Filter>Header Files</Filter>
    </ClInclude>
    <ClInclude Include="FirePage.h">
      <Filter>Header Files</Filter>
    </ClInclude>
    <ClInclude Include="FirmLogCode.h">
      <Filter>Header Files</Filter>
    </ClInclude>
    <ClInclude Include="FolderDialog.h">
      <Filter>Header Files</Filter>
    </ClInclude>
    <ClInclude Include="FontSize.h">
      <Filter>Header Files</Filter>
    </ClInclude>
    <ClInclude Include="FVerInfo.h">
      <Filter>Header Files</Filter>
    </ClInclude>
    <ClInclude Include="GTLogEntry.h">
      <Filter>Header Files</Filter>
    </ClInclude>
    <ClInclude Include="GTLogFile.h">
      <Filter>Header Files</Filter>
    </ClInclude>
    <ClInclude Include="HeadCheck.h">
      <Filter>Header Files</Filter>
    </ClInclude>
    <ClInclude Include="HeadHistory.h">
      <Filter>Header Files</Filter>
    </ClInclude>
    <ClInclude Include="InAdvanceMain.h">
      <Filter>Header Files</Filter>
    </ClInclude>
    <ClInclude Include="InitInkState.h">
      <Filter>Header Files</Filter>
    </ClInclude>
    <ClInclude Include="IPClear.h">
      <Filter>Header Files</Filter>
    </ClInclude>
    <ClInclude Include="LogAnal.h">
      <Filter>Header Files</Filter>
    </ClInclude>
    <ClInclude Include="LogArchive.h">
      <Filter>Header Files</Filter>
    </ClInclude>
    <ClInclude Include="LogCode_LogReader.h">
      <Filter>Header Files</Filter>
    </ClInclude>
    <ClInclude Include="LogDate.h">
      <Filter>Header Files</Filter>
    </ClInclude>
    <ClInclude Include="LogFileInfo.h">
      <Filter>Header Files</Filter>
    </ClInclude>
    <ClInclude Include="LogList.h">
      <Filter>Header Files</Filter>
    </ClInclude>
    <ClInclude Include="LogString.h">
      <Filter>Header Files</Filter>
    </ClInclude>
    <ClInclude Include="LogView.h">
      <Filter>Header Files</Filter>
    </ClInclude>
    <ClInclude Include="MainBoardBranch.h">
      <Filter>Header Files</Filter>
    </ClInclude>
    <ClInclude Include="MemEntry.h">
      <Filter>Header Files</Filter>
    </ClInclude>
    <ClInclude Include="PlatenFeeding.h">
      <Filter>Header Files</Filter>
    </ClInclude>
    <ClInclude Include="mesString.h">
      <Filter>Header Files</Filter>
    </ClInclude>
    <ClInclude Include="PumpChg1.h">
      <Filter>Header Files</Filter>
    </ClInclude>
    <ClInclude Include="PumpChg2.h">
      <Filter>Header Files</Filter>
    </ClInclude>
    <ClInclude Include="ResetTube.h">
      <Filter>Header Files</Filter>
    </ClInclude>
    <ClInclude Include="ResetTube2.h">
      <Filter>Header Files</Filter>
    </ClInclude>
    <ClInclude Include="ResetVoltage.h">
      <Filter>Header Files</Filter>
    </ClInclude>
    <ClInclude Include="RTCSetAndBattery.h">
      <Filter>Header Files</Filter>
    </ClInclude>
    <ClInclude Include="RTCSetAndResetEEPROM.h">
      <Filter>Header Files</Filter>
    </ClInclude>
    <ClInclude Include="SelectRegionPopupDlg.h">
      <Filter>Header Files</Filter>
    </ClInclude>
    <ClInclude Include="ServChgParts.h">
      <Filter>Header Files</Filter>
    </ClInclude>
    <ClInclude Include="ServFirst.h">
      <Filter>Header Files</Filter>
    </ClInclude>
    <ClInclude Include="ServSelOpe.h">
      <Filter>Header Files</Filter>
    </ClInclude>
    <ClInclude Include="SetColorPage.h">
      <Filter>Header Files</Filter>
    </ClInclude>
    <ClInclude Include="SetDate.h">
      <Filter>Header Files</Filter>
    </ClInclude>
    <ClInclude Include="SetDate2.h">
      <Filter>Header Files</Filter>
    </ClInclude>
    <ClInclude Include="SetIpPage.h">
      <Filter>Header Files</Filter>
    </ClInclude>
    <ClInclude Include="SetPosPage.h">
      <Filter>Header Files</Filter>
    </ClInclude>
    <ClInclude Include="StatDlg.h">
      <Filter>Header Files</Filter>
    </ClInclude>
    <ClInclude Include="StatisticsDay.h">
      <Filter>Header Files</Filter>
    </ClInclude>
    <ClInclude Include="StatisticsJob.h">
      <Filter>Header Files</Filter>
    </ClInclude>
    <ClInclude Include="StdAfx.h">
      <Filter>Header Files</Filter>
    </ClInclude>
    <ClInclude Include="Vrating.h">
      <Filter>Header Files</Filter>
    </ClInclude>
    <ClInclude Include="ViewLogFile.h">
      <Filter>Header Files</Filter>
    </ClInclude>
    <ClInclude Include="ViewEEP2.h">
      <Filter>Header Files</Filter>
    </ClInclude>
    <ClInclude Include="WorkTime.h">
      <Filter>Header Files</Filter>
    </ClInclude>
    <ClInclude Include="WhiteHalt.h">
      <Filter>Header Files</Filter>
    </ClInclude>
    <ClInclude Include="EEPVerManage.h">
      <Filter>Header Files</Filter>
    </ClInclude>
    <ClInclude Include="LOGcode.h">
      <Filter>Header Files</Filter>
    </ClInclude>
    <ClInclude Include="LogRecord.h">
      <Filter>Header Files</Filter>
    </ClInclude>
    <ClInclude Include="ResetPSel.h" />
    <ClInclude Include="ServPSel.h">
      <Filter>Header Files</Filter>
    </ClInclude>
    <ClInclude Include="Language.h">
      <Filter>Header Files</Filter>
    </ClInclude>
  </ItemGroup>
  <ItemGroup>
    <ResourceCompile Include="BGJServTool.rc" />
  </ItemGroup>
  <ItemGroup>
    <Image Include="res\BGJServTool.ico">
      <Filter>Resource Files</Filter>
    </Image>
    <Image Include="res\icon_dif.ico">
      <Filter>Resource Files</Filter>
    </Image>
    <Image Include="res\icon_non.ico">
      <Filter>Resource Files</Filter>
    </Image>
  </ItemGroup>
  <ItemGroup>
    <None Include="res\BGJServTool.rc2">
      <Filter>Resource Files</Filter>
    </None>
    <None Include="res\eep8011-init.csv">
      <Filter>Resource Files</Filter>
    </None>
    <None Include="res\eep8012-init.csv">
      <Filter>Resource Files</Filter>
    </None>
    <None Include="res\eep8014-init.csv">
      <Filter>Resource Files</Filter>
    </None>
    <None Include="res\eep8013-init.csv">
      <Filter>Resource Files</Filter>
    </None>
    <None Include="res\eep8015-init.csv">
      <Filter>Resource Files</Filter>
    </None>
    <None Include="res\eep8016-init.csv">
      <Filter>Resource Files</Filter>
    </None>
    <None Include="res\eep8017-init.csv">
      <Filter>Resource Files</Filter>
    </None>
    <None Include="res\eep8018-init.csv">
      <Filter>Resource Files</Filter>
    </None>
    <None Include="res\eep8019-init.csv">
      <Filter>Resource Files</Filter>
    </None>
    <None Include="res\eep8021-init.csv">
      <Filter>Resource Files</Filter>
    </None>
    <None Include="res\eep8022-init.csv">
      <Filter>Resource Files</Filter>
    </None>
    <None Include="res\eep8020-init.csv">
      <Filter>Resource Files</Filter>
    </None>
  </ItemGroup>
  <ItemGroup>
    <Filter Include="zlib Files">
      <UniqueIdentifier>{bf92a611-da53-4ed2-876e-ffcb350b0aa0}</UniqueIdentifier>
    </Filter>
    <Filter Include="Source Files">
      <UniqueIdentifier>{2228eeec-0c5e-43e6-b805-704724b576d8}</UniqueIdentifier>
    </Filter>
    <Filter Include="Resource Files">
      <UniqueIdentifier>{e9a961a3-fd49-4ed1-b6e9-e0cbb53c3cf8}</UniqueIdentifier>
    </Filter>
    <Filter Include="Header Files">
      <UniqueIdentifier>{0bf01862-c173-4283-b6ba-eb5e6594e55c}</UniqueIdentifier>
    </Filter>
  </ItemGroup>
</Project>